
Microsoft Visual Studio Solution File, Format Version 12.00
# Visual Studio 15
VisualStudioVersion = 15.0.26124.0
MinimumVisualStudioVersion = 15.0.26124.0
Project("{2150E333-8FDC-42A3-9474-1A3956D46DE8}") = "src", "src", "{C561C825-D673-45CF-899C-DDEDA3BDF13A}"
EndProject
Project("{9A19103F-16F7-4668-BE54-9A1E7A4F7556}") = "EMS.Web", "src\EMS.Web\EMS.Web.csproj", "{6B6DB990-C1D3-4709-BD9B-76641A69A9AD}"
EndProject
Project("{9A19103F-16F7-4668-BE54-9A1E7A4F7556}") = "EMS.Domain", "src\EMS.Domain\EMS.Domain.csproj", "{F504601F-1F9E-4E14-A2D8-3BCD8C977C3A}"
EndProject
Global
	GlobalSection(SolutionConfigurationPlatforms) = preSolution
		Debug|Any CPU = Debug|Any CPU
		Debug|x64 = Debug|x64
		Debug|x86 = Debug|x86
		Release|Any CPU = Release|Any CPU
		Release|x64 = Release|x64
		Release|x86 = Release|x86
	EndGlobalSection
	GlobalSection(ProjectConfigurationPlatforms) = postSolution
		{6B6DB990-C1D3-4709-BD9B-76641A69A9AD}.Debug|Any CPU.ActiveCfg = Debug|Any CPU
		{6B6DB990-C1D3-4709-BD9B-76641A69A9AD}.Debug|Any CPU.Build.0 = Debug|Any CPU
		{6B6DB990-C1D3-4709-BD9B-76641A69A9AD}.Debug|x64.ActiveCfg = Debug|Any CPU
		{6B6DB990-C1D3-4709-BD9B-76641A69A9AD}.Debug|x64.Build.0 = Debug|Any CPU
		{6B6DB990-C1D3-4709-BD9B-76641A69A9AD}.Debug|x86.ActiveCfg = Debug|Any CPU
		{6B6DB990-C1D3-4709-BD9B-76641A69A9AD}.Debug|x86.Build.0 = Debug|Any CPU
		{6B6DB990-C1D3-4709-BD9B-76641A69A9AD}.Release|Any CPU.ActiveCfg = Release|Any CPU
		{6B6DB990-C1D3-4709-BD9B-76641A69A9AD}.Release|Any CPU.Build.0 = Release|Any CPU
		{6B6DB990-C1D3-4709-BD9B-76641A69A9AD}.Release|x64.ActiveCfg = Release|Any CPU
		{6B6DB990-C1D3-4709-BD9B-76641A69A9AD}.Release|x64.Build.0 = Release|Any CPU
		{6B6DB990-C1D3-4709-BD9B-76641A69A9AD}.Release|x86.ActiveCfg = Release|Any CPU
		{6B6DB990-C1D3-4709-BD9B-76641A69A9AD}.Release|x86.Build.0 = Release|Any CPU
		{F504601F-1F9E-4E14-A2D8-3BCD8C977C3A}.Debug|Any CPU.ActiveCfg = Debug|Any CPU
		{F504601F-1F9E-4E14-A2D8-3BCD8C977C3A}.Debug|Any CPU.Build.0 = Debug|Any CPU
		{F504601F-1F9E-4E14-A2D8-3BCD8C977C3A}.Debug|x64.ActiveCfg = Debug|Any CPU
		{F504601F-1F9E-4E14-A2D8-3BCD8C977C3A}.Debug|x64.Build.0 = Debug|Any CPU
		{F504601F-1F9E-4E14-A2D8-3BCD8C977C3A}.Debug|x86.ActiveCfg = Debug|Any CPU
		{F504601F-1F9E-4E14-A2D8-3BCD8C977C3A}.Debug|x86.Build.0 = Debug|Any CPU
		{F504601F-1F9E-4E14-A2D8-3BCD8C977C3A}.Release|Any CPU.ActiveCfg = Release|Any CPU
		{F504601F-1F9E-4E14-A2D8-3BCD8C977C3A}.Release|Any CPU.Build.0 = Release|Any CPU
		{F504601F-1F9E-4E14-A2D8-3BCD8C977C3A}.Release|x64.ActiveCfg = Release|Any CPU
		{F504601F-1F9E-4E14-A2D8-3BCD8C977C3A}.Release|x64.Build.0 = Release|Any CPU
		{F504601F-1F9E-4E14-A2D8-3BCD8C977C3A}.Release|x86.ActiveCfg = Release|Any CPU
		{F504601F-1F9E-4E14-A2D8-3BCD8C977C3A}.Release|x86.Build.0 = Release|Any CPU
	EndGlobalSection
	GlobalSection(SolutionProperties) = preSolution
		HideSolutionNode = FALSE
	EndGlobalSection
	GlobalSection(NestedProjects) = preSolution
		{6B6DB990-C1D3-4709-BD9B-76641A69A9AD} = {C561C825-D673-45CF-899C-DDEDA3BDF13A}
		{F504601F-1F9E-4E14-A2D8-3BCD8C977C3A} = {C561C825-D673-45CF-899C-DDEDA3BDF13A}
	EndGlobalSection
	GlobalSection(ExtensibilityGlobals) = postSolution
		SolutionGuid = {A1315304-17B5-4394-9437-5FB5C1481C36}
	EndGlobalSection
EndGlobal
